// !$*UTF8*$!
{
	archiveVersion = 1;
	classes = {
	};
	objectVersion = 52;
	objects = {

/* Begin PBXBuildFile section */
		054C4B848E8D99AD34423804 /* ClientTCADebugger in Frameworks */ = {isa = PBXBuildFile; productRef = A032B3D00067DC54B4A71DB2 /* ClientTCADebugger */; };
		0D23B9AFB4F9F685D4B96BF7 /* ComposableArchitecture in Frameworks */ = {isa = PBXBuildFile; productRef = 7AEB07A8066477DFC64F5294 /* ComposableArchitecture */; };
		22387E13593D0ED813D6B7C2 /* DeviceModel.swift in Sources */ = {isa = PBXBuildFile; fileRef = CB4409AF47008B1F46074C98 /* DeviceModel.swift */; };
		3E1A234031770CFFC3277EA2 /* ServerTransceiver in Frameworks */ = {isa = PBXBuildFile; productRef = 7970B33F61B7CF29666815DA /* ServerTransceiver */; };
		3F763B8D887BB946FC26E13E /* Color.swift in Sources */ = {isa = PBXBuildFile; fileRef = 0F13FDE00C53CB34C8CA7370 /* Color.swift */; };
		41A5E9B25D0ECC368668FD65 /* SidebarBusinessLogic.swift in Sources */ = {isa = PBXBuildFile; fileRef = A7C2CBEC62C57FF5F077D67A /* SidebarBusinessLogic.swift */; };
		58565DCEB3F63E1896774160 /* DeviceListModel.swift in Sources */ = {isa = PBXBuildFile; fileRef = 8B5EC1017F2BB9345CBA6EBF /* DeviceListModel.swift */; };
		5AD22D69429666DAC381B15E /* ContentView.swift in Sources */ = {isa = PBXBuildFile; fileRef = FBC662E0A60749485261CFCD /* ContentView.swift */; };
		7A3489B8B2A9165FB4515B90 /* ComposableArchitecture in Frameworks */ = {isa = PBXBuildFile; productRef = D455C8EA7601E18824B4F16C /* ComposableArchitecture */; };
		8071F0F8504D862BFDDFB38F /* Array.swift in Sources */ = {isa = PBXBuildFile; fileRef = 7F93C60395E8F5F566B8DBEE /* Array.swift */; };
		80D123790A3A51B10E8DA1FE /* FeedSubscriber.swift in Sources */ = {isa = PBXBuildFile; fileRef = EE03EE6D98879DAC26BE5D0F /* FeedSubscriber.swift */; };
		8A1B4755D15191E0DBD6839C /* Feed.swift in Sources */ = {isa = PBXBuildFile; fileRef = D51EFD885B400A33E4471CAE /* Feed.swift */; };
		8B87D921513E57A08C9D4479 /* Preview Assets.xcassets in Resources */ = {isa = PBXBuildFile; fileRef = C06BFFB351DFA369D33F2DB9 /* Preview Assets.xcassets */; };
		AAE76668B5F61D0D42E9996D /* ServerTransceiverLive in Frameworks */ = {isa = PBXBuildFile; productRef = 0BB07F528956675F5550D853 /* ServerTransceiverLive */; };
		CC5D22F7E6610FEF83FB8860 /* AppViewBusinessLogic.swift in Sources */ = {isa = PBXBuildFile; fileRef = 2CC925B907DF070E3BE457A9 /* AppViewBusinessLogic.swift */; };
		CDC45537931B656D307000E8 /* ClientItem.swift in Sources */ = {isa = PBXBuildFile; fileRef = 6AD9C69A38864650F25CBD85 /* ClientItem.swift */; };
		CE2D1F232541B90EF2255195 /* Assets.xcassets in Resources */ = {isa = PBXBuildFile; fileRef = 38394327E7670D0574DCD28E /* Assets.xcassets */; };
		CFAFA49E6B6D04BFA6E4053F /* FeedView.swift in Sources */ = {isa = PBXBuildFile; fileRef = 0B87D4873DC18DAAACB319D4 /* FeedView.swift */; };
		D5FC21982B74646F005AB097 /* TimelineView.swift in Sources */ = {isa = PBXBuildFile; fileRef = DCF0B05B2776655F85AE752A /* TimelineView.swift */; };
		D753A75F2ACF997AEC9F96B1 /* Sidebar.swift in Sources */ = {isa = PBXBuildFile; fileRef = 64F759E087AAA12C8B341AB1 /* Sidebar.swift */; };
		DD8ADF1D080A8C370EB611AF /* FeedBusinessLogic.swift in Sources */ = {isa = PBXBuildFile; fileRef = FFB698E64741B1E9A2D61111 /* FeedBusinessLogic.swift */; };
		EB2608BC6722072DC7CBF3A3 /* App.swift in Sources */ = {isa = PBXBuildFile; fileRef = 956603B6BC2EDCA024E12846 /* App.swift */; };
		ED28748C7E9DB7EFF7AE81BE /* Preview Assets.xcassets in Resources */ = {isa = PBXBuildFile; fileRef = 51CA949E487B83044EC48B36 /* Preview Assets.xcassets */; };
		F54B0CAD6A7E611A36D0DF1D /* TimelineBusinessLogic.swift in Sources */ = {isa = PBXBuildFile; fileRef = 18F26DDDBB0E4EA376CCD0F4 /* TimelineBusinessLogic.swift */; };
		F7190B7D071EAC34B04A02FF /* TestSVNClientApp.swift in Sources */ = {isa = PBXBuildFile; fileRef = 74A3F4A3A9F396AB8D4E94F0 /* TestSVNClientApp.swift */; };
		F80AA9644E6674950A1714CB /* AppView.swift in Sources */ = {isa = PBXBuildFile; fileRef = 45D42F4A253A7C05C0B2A3DF /* AppView.swift */; };
		FA33FB59176C0FE7AEC84169 /* Assets.xcassets in Resources */ = {isa = PBXBuildFile; fileRef = 039915138AE09357BDBF94FA /* Assets.xcassets */; };
/* End PBXBuildFile section */

/* Begin PBXFileReference section */
		039915138AE09357BDBF94FA /* Assets.xcassets */ = {isa = PBXFileReference; lastKnownFileType = folder.assetcatalog; path = Assets.xcassets; sourceTree = "<group>"; };
		085DEDABC681A66323C0F9EC /* Info.plist */ = {isa = PBXFileReference; lastKnownFileType = text.plist; path = Info.plist; sourceTree = "<group>"; };
		0B87D4873DC18DAAACB319D4 /* FeedView.swift */ = {isa = PBXFileReference; lastKnownFileType = sourcecode.swift; path = FeedView.swift; sourceTree = "<group>"; };
		0F13FDE00C53CB34C8CA7370 /* Color.swift */ = {isa = PBXFileReference; lastKnownFileType = sourcecode.swift; path = Color.swift; sourceTree = "<group>"; };
		18F26DDDBB0E4EA376CCD0F4 /* TimelineBusinessLogic.swift */ = {isa = PBXFileReference; lastKnownFileType = sourcecode.swift; path = TimelineBusinessLogic.swift; sourceTree = "<group>"; };
		26E5E933AB2D6468D5B0FDD7 /* Info.plist */ = {isa = PBXFileReference; lastKnownFileType = text.plist; path = Info.plist; sourceTree = "<group>"; };
		2CC925B907DF070E3BE457A9 /* AppViewBusinessLogic.swift */ = {isa = PBXFileReference; lastKnownFileType = sourcecode.swift; path = AppViewBusinessLogic.swift; sourceTree = "<group>"; };
		38394327E7670D0574DCD28E /* Assets.xcassets */ = {isa = PBXFileReference; lastKnownFileType = folder.assetcatalog; path = Assets.xcassets; sourceTree = "<group>"; };
		45D42F4A253A7C05C0B2A3DF /* AppView.swift */ = {isa = PBXFileReference; lastKnownFileType = sourcecode.swift; path = AppView.swift; sourceTree = "<group>"; };
		4A219D09F1954565E7AFAFD0 /* TestSVNClient.app */ = {isa = PBXFileReference; explicitFileType = wrapper.application; includeInIndex = 0; path = TestSVNClient.app; sourceTree = BUILT_PRODUCTS_DIR; };
		51CA949E487B83044EC48B36 /* Preview Assets.xcassets */ = {isa = PBXFileReference; lastKnownFileType = folder.assetcatalog; path = "Preview Assets.xcassets"; sourceTree = "<group>"; };
		64F759E087AAA12C8B341AB1 /* Sidebar.swift */ = {isa = PBXFileReference; lastKnownFileType = sourcecode.swift; path = Sidebar.swift; sourceTree = "<group>"; };
		6AD9C69A38864650F25CBD85 /* ClientItem.swift */ = {isa = PBXFileReference; lastKnownFileType = sourcecode.swift; path = ClientItem.swift; sourceTree = "<group>"; };
		74A3F4A3A9F396AB8D4E94F0 /* TestSVNClientApp.swift */ = {isa = PBXFileReference; lastKnownFileType = sourcecode.swift; path = TestSVNClientApp.swift; sourceTree = "<group>"; };
		7C77CA067E4A578EA75E5433 /* SignalVSNoiseKit */ = {isa = PBXFileReference; lastKnownFileType = folder; path = SignalVSNoiseKit; sourceTree = SOURCE_ROOT; };
		7F93C60395E8F5F566B8DBEE /* Array.swift */ = {isa = PBXFileReference; lastKnownFileType = sourcecode.swift; path = Array.swift; sourceTree = "<group>"; };
		8B5EC1017F2BB9345CBA6EBF /* DeviceListModel.swift */ = {isa = PBXFileReference; lastKnownFileType = sourcecode.swift; path = DeviceListModel.swift; sourceTree = "<group>"; };
		956603B6BC2EDCA024E12846 /* App.swift */ = {isa = PBXFileReference; lastKnownFileType = sourcecode.swift; path = App.swift; sourceTree = "<group>"; };
		99B4C2D22BA4631513E79C82 /* TestSVNServer.app */ = {isa = PBXFileReference; explicitFileType = wrapper.application; includeInIndex = 0; path = TestSVNServer.app; sourceTree = BUILT_PRODUCTS_DIR; };
		A7C2CBEC62C57FF5F077D67A /* SidebarBusinessLogic.swift */ = {isa = PBXFileReference; lastKnownFileType = sourcecode.swift; path = SidebarBusinessLogic.swift; sourceTree = "<group>"; };
		AF29DD510B075808A8E6B1FA /* ComposableArchitecture */ = {isa = PBXFileReference; lastKnownFileType = folder; path = ComposableArchitecture; sourceTree = SOURCE_ROOT; };
		C06BFFB351DFA369D33F2DB9 /* Preview Assets.xcassets */ = {isa = PBXFileReference; lastKnownFileType = folder.assetcatalog; path = "Preview Assets.xcassets"; sourceTree = "<group>"; };
		CB4409AF47008B1F46074C98 /* DeviceModel.swift */ = {isa = PBXFileReference; lastKnownFileType = sourcecode.swift; path = DeviceModel.swift; sourceTree = "<group>"; };
		D51EFD885B400A33E4471CAE /* Feed.swift */ = {isa = PBXFileReference; lastKnownFileType = sourcecode.swift; path = Feed.swift; sourceTree = "<group>"; };
		DCF0B05B2776655F85AE752A /* TimelineView.swift */ = {isa = PBXFileReference; lastKnownFileType = sourcecode.swift; path = TimelineView.swift; sourceTree = "<group>"; };
		EE03EE6D98879DAC26BE5D0F /* FeedSubscriber.swift */ = {isa = PBXFileReference; lastKnownFileType = sourcecode.swift; path = FeedSubscriber.swift; sourceTree = "<group>"; };
		FBC662E0A60749485261CFCD /* ContentView.swift */ = {isa = PBXFileReference; lastKnownFileType = sourcecode.swift; path = ContentView.swift; sourceTree = "<group>"; };
		FFB698E64741B1E9A2D61111 /* FeedBusinessLogic.swift */ = {isa = PBXFileReference; lastKnownFileType = sourcecode.swift; path = FeedBusinessLogic.swift; sourceTree = "<group>"; };
/* End PBXFileReference section */

/* Begin PBXFrameworksBuildPhase section */
		4FA4FF9561F931EBCD38532F /* Frameworks */ = {
			isa = PBXFrameworksBuildPhase;
			buildActionMask = 2147483647;
			files = (
				7A3489B8B2A9165FB4515B90 /* ComposableArchitecture in Frameworks */,
				3E1A234031770CFFC3277EA2 /* ServerTransceiver in Frameworks */,
				AAE76668B5F61D0D42E9996D /* ServerTransceiverLive in Frameworks */,
			);
			runOnlyForDeploymentPostprocessing = 0;
		};
		CC89EF418EE2F4A8A4E3DA33 /* Frameworks */ = {
			isa = PBXFrameworksBuildPhase;
			buildActionMask = 2147483647;
			files = (
				0D23B9AFB4F9F685D4B96BF7 /* ComposableArchitecture in Frameworks */,
				054C4B848E8D99AD34423804 /* ClientTCADebugger in Frameworks */,
			);
			runOnlyForDeploymentPostprocessing = 0;
		};
/* End PBXFrameworksBuildPhase section */

/* Begin PBXGroup section */
		25912280CFFCCDDB92912A1F /* Model */ = {
			isa = PBXGroup;
			children = (
				8B5EC1017F2BB9345CBA6EBF /* DeviceListModel.swift */,
				CB4409AF47008B1F46074C98 /* DeviceModel.swift */,
			);
			path = Model;
			sourceTree = "<group>";
		};
		270FF19C85B602C16B3F1924 /* TestSVNServer */ = {
			isa = PBXGroup;
			children = (
				956603B6BC2EDCA024E12846 /* App.swift */,
				45D42F4A253A7C05C0B2A3DF /* AppView.swift */,
				2CC925B907DF070E3BE457A9 /* AppViewBusinessLogic.swift */,
				6AD9C69A38864650F25CBD85 /* ClientItem.swift */,
				D51EFD885B400A33E4471CAE /* Feed.swift */,
				FFB698E64741B1E9A2D61111 /* FeedBusinessLogic.swift */,
				EE03EE6D98879DAC26BE5D0F /* FeedSubscriber.swift */,
				0B87D4873DC18DAAACB319D4 /* FeedView.swift */,
				64F759E087AAA12C8B341AB1 /* Sidebar.swift */,
				A7C2CBEC62C57FF5F077D67A /* SidebarBusinessLogic.swift */,
				18F26DDDBB0E4EA376CCD0F4 /* TimelineBusinessLogic.swift */,
				DCF0B05B2776655F85AE752A /* TimelineView.swift */,
				AFA62368C4E1FFEB9101F23D /* Helpers */,
				25912280CFFCCDDB92912A1F /* Model */,
				6BC6FD7A736CC3B60949792D /* Other */,
				CCFD257D04FF96A5705F143A /* Preview Content */,
			);
			path = TestSVNServer;
			sourceTree = "<group>";
		};
		6BC6FD7A736CC3B60949792D /* Other */ = {
			isa = PBXGroup;
			children = (
				38394327E7670D0574DCD28E /* Assets.xcassets */,
				26E5E933AB2D6468D5B0FDD7 /* Info.plist */,
			);
			path = Other;
			sourceTree = "<group>";
		};
		6F3A6FD88FA8898A372DB040 /* Products */ = {
			isa = PBXGroup;
			children = (
				4A219D09F1954565E7AFAFD0 /* TestSVNClient.app */,
				99B4C2D22BA4631513E79C82 /* TestSVNServer.app */,
			);
			name = Products;
			sourceTree = "<group>";
		};
		AFA62368C4E1FFEB9101F23D /* Helpers */ = {
			isa = PBXGroup;
			children = (
				7F93C60395E8F5F566B8DBEE /* Array.swift */,
				0F13FDE00C53CB34C8CA7370 /* Color.swift */,
			);
			path = Helpers;
			sourceTree = "<group>";
		};
		CCFD257D04FF96A5705F143A /* Preview Content */ = {
			isa = PBXGroup;
			children = (
				C06BFFB351DFA369D33F2DB9 /* Preview Assets.xcassets */,
			);
			path = "Preview Content";
			sourceTree = "<group>";
		};
		D0FFD16EF7E9B6D3D604437D /* Preview Content */ = {
			isa = PBXGroup;
			children = (
				51CA949E487B83044EC48B36 /* Preview Assets.xcassets */,
			);
			path = "Preview Content";
			sourceTree = "<group>";
		};
		D15C0756892D89083E3034AC /* TestSVNClient */ = {
			isa = PBXGroup;
			children = (
				039915138AE09357BDBF94FA /* Assets.xcassets */,
				FBC662E0A60749485261CFCD /* ContentView.swift */,
				085DEDABC681A66323C0F9EC /* Info.plist */,
				74A3F4A3A9F396AB8D4E94F0 /* TestSVNClientApp.swift */,
				D0FFD16EF7E9B6D3D604437D /* Preview Content */,
			);
			path = TestSVNClient;
			sourceTree = "<group>";
		};
		E1FD28C16F8EE5AC9F29A035 = {
			isa = PBXGroup;
			children = (
				F1CA602B58D136AE58512E0D /* Packages */,
				D15C0756892D89083E3034AC /* TestSVNClient */,
				270FF19C85B602C16B3F1924 /* TestSVNServer */,
				6F3A6FD88FA8898A372DB040 /* Products */,
			);
			sourceTree = "<group>";
		};
		F1CA602B58D136AE58512E0D /* Packages */ = {
			isa = PBXGroup;
			children = (
				AF29DD510B075808A8E6B1FA /* ComposableArchitecture */,
				7C77CA067E4A578EA75E5433 /* SignalVSNoiseKit */,
			);
			name = Packages;
			sourceTree = SOURCE_ROOT;
		};
/* End PBXGroup section */

/* Begin PBXNativeTarget section */
		33B92A3EC83420ED07B37863 /* TestSVNClient */ = {
			isa = PBXNativeTarget;
			buildConfigurationList = C25C6E2EA943E4CC0B8FC20E /* Build configuration list for PBXNativeTarget "TestSVNClient" */;
			buildPhases = (
				5ADE4F61229F235B0B60493F /* Sources */,
				FAD14477997E5ADEAA8D3578 /* Resources */,
				CC89EF418EE2F4A8A4E3DA33 /* Frameworks */,
			);
			buildRules = (
			);
			dependencies = (
			);
			name = TestSVNClient;
			packageProductDependencies = (
				7AEB07A8066477DFC64F5294 /* ComposableArchitecture */,
				A032B3D00067DC54B4A71DB2 /* ClientTCADebugger */,
			);
			productName = TestSVNClient;
			productReference = 4A219D09F1954565E7AFAFD0 /* TestSVNClient.app */;
			productType = "com.apple.product-type.application";
		};
		CB91A20F6ADC07762046E7E7 /* TestSVNServer */ = {
			isa = PBXNativeTarget;
			buildConfigurationList = E17EDB4319F7D3531CC3D694 /* Build configuration list for PBXNativeTarget "TestSVNServer" */;
			buildPhases = (
				DB47CC77A28A6824E1E79A8F /* Sources */,
				08F82E660E64541CB140B9A5 /* Resources */,
				4FA4FF9561F931EBCD38532F /* Frameworks */,
			);
			buildRules = (
			);
			dependencies = (
			);
			name = TestSVNServer;
			packageProductDependencies = (
				D455C8EA7601E18824B4F16C /* ComposableArchitecture */,
				7970B33F61B7CF29666815DA /* ServerTransceiver */,
				0BB07F528956675F5550D853 /* ServerTransceiverLive */,
			);
			productName = TestSVNServer;
			productReference = 99B4C2D22BA4631513E79C82 /* TestSVNServer.app */;
			productType = "com.apple.product-type.application";
		};
/* End PBXNativeTarget section */

/* Begin PBXProject section */
		F3F84490E11363113E73BFB4 /* Project object */ = {
			isa = PBXProject;
			attributes = {
				LastUpgradeCheck = 1200;
			};
			buildConfigurationList = 5581989D2EFF9D87E598F02B /* Build configuration list for PBXProject "TestSVN" */;
			compatibilityVersion = "Xcode 10.0";
			developmentRegion = en;
			hasScannedForEncodings = 0;
			knownRegions = (
				Base,
				en,
			);
			mainGroup = E1FD28C16F8EE5AC9F29A035;
			projectDirPath = "";
			projectRoot = "";
			targets = (
				33B92A3EC83420ED07B37863 /* TestSVNClient */,
				CB91A20F6ADC07762046E7E7 /* TestSVNServer */,
			);
		};
/* End PBXProject section */

/* Begin PBXResourcesBuildPhase section */
		08F82E660E64541CB140B9A5 /* Resources */ = {
			isa = PBXResourcesBuildPhase;
			buildActionMask = 2147483647;
			files = (
				CE2D1F232541B90EF2255195 /* Assets.xcassets in Resources */,
				8B87D921513E57A08C9D4479 /* Preview Assets.xcassets in Resources */,
			);
			runOnlyForDeploymentPostprocessing = 0;
		};
		FAD14477997E5ADEAA8D3578 /* Resources */ = {
			isa = PBXResourcesBuildPhase;
			buildActionMask = 2147483647;
			files = (
				FA33FB59176C0FE7AEC84169 /* Assets.xcassets in Resources */,
				ED28748C7E9DB7EFF7AE81BE /* Preview Assets.xcassets in Resources */,
			);
			runOnlyForDeploymentPostprocessing = 0;
		};
/* End PBXResourcesBuildPhase section */

/* Begin PBXSourcesBuildPhase section */
		5ADE4F61229F235B0B60493F /* Sources */ = {
			isa = PBXSourcesBuildPhase;
			buildActionMask = 2147483647;
			files = (
				5AD22D69429666DAC381B15E /* ContentView.swift in Sources */,
				F7190B7D071EAC34B04A02FF /* TestSVNClientApp.swift in Sources */,
			);
			runOnlyForDeploymentPostprocessing = 0;
		};
		DB47CC77A28A6824E1E79A8F /* Sources */ = {
			isa = PBXSourcesBuildPhase;
			buildActionMask = 2147483647;
			files = (
				EB2608BC6722072DC7CBF3A3 /* App.swift in Sources */,
				CC5D22F7E6610FEF83FB8860 /* AppViewBusinessLogic.swift in Sources */,
				F80AA9644E6674950A1714CB /* AppView.swift in Sources */,
				8071F0F8504D862BFDDFB38F /* Array.swift in Sources */,
				CDC45537931B656D307000E8 /* ClientItem.swift in Sources */,
				3F763B8D887BB946FC26E13E /* Color.swift in Sources */,
				58565DCEB3F63E1896774160 /* DeviceListModel.swift in Sources */,
				22387E13593D0ED813D6B7C2 /* DeviceModel.swift in Sources */,
				8A1B4755D15191E0DBD6839C /* Feed.swift in Sources */,
				DD8ADF1D080A8C370EB611AF /* FeedBusinessLogic.swift in Sources */,
				80D123790A3A51B10E8DA1FE /* FeedSubscriber.swift in Sources */,
				CFAFA49E6B6D04BFA6E4053F /* FeedView.swift in Sources */,
				D753A75F2ACF997AEC9F96B1 /* Sidebar.swift in Sources */,
				41A5E9B25D0ECC368668FD65 /* SidebarBusinessLogic.swift in Sources */,
				F54B0CAD6A7E611A36D0DF1D /* TimelineBusinessLogic.swift in Sources */,
				D5FC21982B74646F005AB097 /* TimelineView.swift in Sources */,
			);
			runOnlyForDeploymentPostprocessing = 0;
		};
/* End PBXSourcesBuildPhase section */

/* Begin XCBuildConfiguration section */
		02327A7F5CADF8560BCFF0F7 /* Release */ = {
			isa = XCBuildConfiguration;
			buildSettings = {
				ASSETCATALOG_COMPILER_APPICON_NAME = AppIcon;
				CODE_SIGN_IDENTITY = "iPhone Developer";
				DEVELOPMENT_TEAM = 8XF24Z96S9;
				INFOPLIST_FILE = TestSVNServer/Other/Info.plist;
				LD_RUNPATH_SEARCH_PATHS = (
					"$(inherited)",
					"@executable_path/Frameworks",
				);
				PRODUCT_BUNDLE_IDENTIFIER = com.ratel.TestSVN.TestSVNServer;
				SDKROOT = iphoneos;
				TARGETED_DEVICE_FAMILY = "1,2";
			};
			name = Release;
		};
		1DC694757D47EAA1E7DC4E84 /* Debug */ = {
			isa = XCBuildConfiguration;
			buildSettings = {
				ASSETCATALOG_COMPILER_APPICON_NAME = AppIcon;
				CODE_SIGN_IDENTITY = "iPhone Developer";
				DEVELOPMENT_TEAM = 8XF24Z96S9;
				INFOPLIST_FILE = TestSVNServer/Other/Info.plist;
				LD_RUNPATH_SEARCH_PATHS = (
					"$(inherited)",
					"@executable_path/Frameworks",
				);
				PRODUCT_BUNDLE_IDENTIFIER = com.ratel.TestSVN.TestSVNServer;
				SDKROOT = iphoneos;
				TARGETED_DEVICE_FAMILY = "1,2";
			};
			name = Debug;
		};
		29C99D1A67AE1270CF2EF553 /* Release */ = {
			isa = XCBuildConfiguration;
			buildSettings = {
				ALWAYS_SEARCH_USER_PATHS = NO;
				CLANG_ANALYZER_NONNULL = YES;
				CLANG_ANALYZER_NUMBER_OBJECT_CONVERSION = YES_AGGRESSIVE;
				CLANG_CXX_LANGUAGE_STANDARD = "gnu++14";
				CLANG_CXX_LIBRARY = "libc++";
				CLANG_ENABLE_MODULES = YES;
				CLANG_ENABLE_OBJC_ARC = YES;
				CLANG_ENABLE_OBJC_WEAK = YES;
				CLANG_WARN_BLOCK_CAPTURE_AUTORELEASING = YES;
				CLANG_WARN_BOOL_CONVERSION = YES;
				CLANG_WARN_COMMA = YES;
				CLANG_WARN_CONSTANT_CONVERSION = YES;
				CLANG_WARN_DEPRECATED_OBJC_IMPLEMENTATIONS = YES;
				CLANG_WARN_DIRECT_OBJC_ISA_USAGE = YES_ERROR;
				CLANG_WARN_DOCUMENTATION_COMMENTS = YES;
				CLANG_WARN_EMPTY_BODY = YES;
				CLANG_WARN_ENUM_CONVERSION = YES;
				CLANG_WARN_INFINITE_RECURSION = YES;
				CLANG_WARN_INT_CONVERSION = YES;
				CLANG_WARN_NON_LITERAL_NULL_CONVERSION = YES;
				CLANG_WARN_OBJC_IMPLICIT_RETAIN_SELF = YES;
				CLANG_WARN_OBJC_LITERAL_CONVERSION = YES;
				CLANG_WARN_OBJC_ROOT_CLASS = YES_ERROR;
				CLANG_WARN_QUOTED_INCLUDE_IN_FRAMEWORK_HEADER = YES;
				CLANG_WARN_RANGE_LOOP_ANALYSIS = YES;
				CLANG_WARN_STRICT_PROTOTYPES = YES;
				CLANG_WARN_SUSPICIOUS_MOVE = YES;
				CLANG_WARN_UNGUARDED_AVAILABILITY = YES_AGGRESSIVE;
				CLANG_WARN_UNREACHABLE_CODE = YES;
				CLANG_WARN__DUPLICATE_METHOD_MATCH = YES;
				COPY_PHASE_STRIP = NO;
				DEBUG_INFORMATION_FORMAT = "dwarf-with-dsym";
				ENABLE_NS_ASSERTIONS = NO;
				ENABLE_STRICT_OBJC_MSGSEND = YES;
				GCC_C_LANGUAGE_STANDARD = gnu11;
				GCC_NO_COMMON_BLOCKS = YES;
				GCC_WARN_64_TO_32_BIT_CONVERSION = YES;
				GCC_WARN_ABOUT_RETURN_TYPE = YES_ERROR;
				GCC_WARN_UNDECLARED_SELECTOR = YES;
				GCC_WARN_UNINITIALIZED_AUTOS = YES_AGGRESSIVE;
				GCC_WARN_UNUSED_FUNCTION = YES;
				GCC_WARN_UNUSED_VARIABLE = YES;
				MTL_ENABLE_DEBUG_INFO = NO;
				MTL_FAST_MATH = YES;
				PRODUCT_NAME = "$(TARGET_NAME)";
				SDKROOT = iphoneos;
				SWIFT_COMPILATION_MODE = wholemodule;
				SWIFT_OPTIMIZATION_LEVEL = "-O";
				SWIFT_VERSION = 5.0;
				TVOS_DEPLOYMENT_TARGET = 14.1;
			};
			name = Release;
		};
		3ADE4C0814216E33CBABC4F6 /* Debug */ = {
			isa = XCBuildConfiguration;
			buildSettings = {
				ALWAYS_SEARCH_USER_PATHS = NO;
				CLANG_ANALYZER_NONNULL = YES;
				CLANG_ANALYZER_NUMBER_OBJECT_CONVERSION = YES_AGGRESSIVE;
				CLANG_CXX_LANGUAGE_STANDARD = "gnu++14";
				CLANG_CXX_LIBRARY = "libc++";
				CLANG_ENABLE_MODULES = YES;
				CLANG_ENABLE_OBJC_ARC = YES;
				CLANG_ENABLE_OBJC_WEAK = YES;
				CLANG_WARN_BLOCK_CAPTURE_AUTORELEASING = YES;
				CLANG_WARN_BOOL_CONVERSION = YES;
				CLANG_WARN_COMMA = YES;
				CLANG_WARN_CONSTANT_CONVERSION = YES;
				CLANG_WARN_DEPRECATED_OBJC_IMPLEMENTATIONS = YES;
				CLANG_WARN_DIRECT_OBJC_ISA_USAGE = YES_ERROR;
				CLANG_WARN_DOCUMENTATION_COMMENTS = YES;
				CLANG_WARN_EMPTY_BODY = YES;
				CLANG_WARN_ENUM_CONVERSION = YES;
				CLANG_WARN_INFINITE_RECURSION = YES;
				CLANG_WARN_INT_CONVERSION = YES;
				CLANG_WARN_NON_LITERAL_NULL_CONVERSION = YES;
				CLANG_WARN_OBJC_IMPLICIT_RETAIN_SELF = YES;
				CLANG_WARN_OBJC_LITERAL_CONVERSION = YES;
				CLANG_WARN_OBJC_ROOT_CLASS = YES_ERROR;
				CLANG_WARN_QUOTED_INCLUDE_IN_FRAMEWORK_HEADER = YES;
				CLANG_WARN_RANGE_LOOP_ANALYSIS = YES;
				CLANG_WARN_STRICT_PROTOTYPES = YES;
				CLANG_WARN_SUSPICIOUS_MOVE = YES;
				CLANG_WARN_UNGUARDED_AVAILABILITY = YES_AGGRESSIVE;
				CLANG_WARN_UNREACHABLE_CODE = YES;
				CLANG_WARN__DUPLICATE_METHOD_MATCH = YES;
				COPY_PHASE_STRIP = NO;
				DEBUG_INFORMATION_FORMAT = dwarf;
				ENABLE_STRICT_OBJC_MSGSEND = YES;
				ENABLE_TESTABILITY = YES;
				GCC_C_LANGUAGE_STANDARD = gnu11;
				GCC_DYNAMIC_NO_PIC = NO;
				GCC_NO_COMMON_BLOCKS = YES;
				GCC_OPTIMIZATION_LEVEL = 0;
				GCC_PREPROCESSOR_DEFINITIONS = (
					"$(inherited)",
					"DEBUG=1",
				);
				GCC_WARN_64_TO_32_BIT_CONVERSION = YES;
				GCC_WARN_ABOUT_RETURN_TYPE = YES_ERROR;
				GCC_WARN_UNDECLARED_SELECTOR = YES;
				GCC_WARN_UNINITIALIZED_AUTOS = YES_AGGRESSIVE;
				GCC_WARN_UNUSED_FUNCTION = YES;
				GCC_WARN_UNUSED_VARIABLE = YES;
				MTL_ENABLE_DEBUG_INFO = INCLUDE_SOURCE;
				MTL_FAST_MATH = YES;
				ONLY_ACTIVE_ARCH = YES;
				PRODUCT_NAME = "$(TARGET_NAME)";
				SDKROOT = iphoneos;
				SWIFT_ACTIVE_COMPILATION_CONDITIONS = DEBUG;
				SWIFT_OPTIMIZATION_LEVEL = "-Onone";
				SWIFT_VERSION = 5.0;
				TVOS_DEPLOYMENT_TARGET = 14.1;
			};
			name = Debug;
		};
		3BE9CC5BCB9D18239EB18F89 /* Release */ = {
			isa = XCBuildConfiguration;
			buildSettings = {
				ASSETCATALOG_COMPILER_APPICON_NAME = AppIcon;
				CODE_SIGN_IDENTITY = "iPhone Developer";
				DEVELOPMENT_TEAM = 8XF24Z96S9;
				INFOPLIST_FILE = TestSVNClient/Info.plist;
				LD_RUNPATH_SEARCH_PATHS = (
					"$(inherited)",
					"@executable_path/Frameworks",
				);
				PRODUCT_BUNDLE_IDENTIFIER = com.ratel.TestSVN.TestSVNClient;
				SDKROOT = iphoneos;
				TARGETED_DEVICE_FAMILY = "1,2";
			};
			name = Release;
		};
		CB7572A62220B4F4E18D2193 /* Debug */ = {
			isa = XCBuildConfiguration;
			buildSettings = {
				ASSETCATALOG_COMPILER_APPICON_NAME = AppIcon;
				CODE_SIGN_IDENTITY = "iPhone Developer";
				DEVELOPMENT_TEAM = 8XF24Z96S9;
				INFOPLIST_FILE = TestSVNClient/Info.plist;
				LD_RUNPATH_SEARCH_PATHS = (
					"$(inherited)",
					"@executable_path/Frameworks",
				);
				PRODUCT_BUNDLE_IDENTIFIER = com.ratel.TestSVN.TestSVNClient;
				SDKROOT = iphoneos;
				TARGETED_DEVICE_FAMILY = "1,2";
			};
			name = Debug;
		};
/* End XCBuildConfiguration section */

/* Begin XCConfigurationList section */
		5581989D2EFF9D87E598F02B /* Build configuration list for PBXProject "TestSVN" */ = {
			isa = XCConfigurationList;
			buildConfigurations = (
				3ADE4C0814216E33CBABC4F6 /* Debug */,
				29C99D1A67AE1270CF2EF553 /* Release */,
			);
			defaultConfigurationIsVisible = 0;
			defaultConfigurationName = Debug;
		};
		C25C6E2EA943E4CC0B8FC20E /* Build configuration list for PBXNativeTarget "TestSVNClient" */ = {
			isa = XCConfigurationList;
			buildConfigurations = (
				CB7572A62220B4F4E18D2193 /* Debug */,
				3BE9CC5BCB9D18239EB18F89 /* Release */,
			);
			defaultConfigurationIsVisible = 0;
			defaultConfigurationName = Debug;
		};
		E17EDB4319F7D3531CC3D694 /* Build configuration list for PBXNativeTarget "TestSVNServer" */ = {
			isa = XCConfigurationList;
			buildConfigurations = (
				1DC694757D47EAA1E7DC4E84 /* Debug */,
				02327A7F5CADF8560BCFF0F7 /* Release */,
			);
			defaultConfigurationIsVisible = 0;
			defaultConfigurationName = Debug;
		};
/* End XCConfigurationList section */

/* Begin XCSwiftPackageProductDependency section */
		0BB07F528956675F5550D853 /* ServerTransceiverLive */ = {
			isa = XCSwiftPackageProductDependency;
			productName = ServerTransceiverLive;
		};
		7970B33F61B7CF29666815DA /* ServerTransceiver */ = {
			isa = XCSwiftPackageProductDependency;
			productName = ServerTransceiver;
		};
		7AEB07A8066477DFC64F5294 /* ComposableArchitecture */ = {
			isa = XCSwiftPackageProductDependency;
			productName = ComposableArchitecture;
		};
		A032B3D00067DC54B4A71DB2 /* ClientTCADebugger */ = {
			isa = XCSwiftPackageProductDependency;
			productName = ClientTCADebugger;
		};
		D455C8EA7601E18824B4F16C /* ComposableArchitecture */ = {
			isa = XCSwiftPackageProductDependency;
			productName = ComposableArchitecture;
		};
/* End XCSwiftPackageProductDependency section */
	};
	rootObject = F3F84490E11363113E73BFB4 /* Project object */;
}
