{
  "object": {
    "pins": [
      {
        "package": "AnyCodable",
        "repositoryURL": "https://github.com/Flight-School/AnyCodable.git",
        "state": {
          "branch": null,
          "revision": "38b05fc9f86501ef8018aa90cf3d83bd97f74067",
          "version": "0.4.0"
        }
      },
      {
        "package": "combine-schedulers",
        "repositoryURL": "https://github.com/pointfreeco/combine-schedulers",
        "state": {
          "branch": null,
          "revision": "ff42ec9061d864de7982162011321d3df5080c10",
          "version": "0.1.2"
        }
      },
      {
        "package": "KSCrash",
        "repositoryURL": "https://github.com/kstenerud/KSCrash.git",
        "state": {
          "branch": "master",
          "revision": "64229cfa482d135c109dc3c66db7b30d1da855fc",
          "version": null
        }
      },
      {
        "package": "MultipeerKit",
        "repositoryURL": "https://github.com/insidegui/MultipeerKit.git",
        "state": {
          "branch": null,
          "revision": "0fabe19e595e4f52dffb349b7ef8648d501ec8a9",
          "version": "0.3.1"
        }
      },
      {
        "package": "swift-case-paths",
        "repositoryURL": "https://github.com/pointfreeco/swift-case-paths",
        "state": {
          "branch": null,
          "revision": "ed1838ab4fa5d47db8aa640736dd5b7672548873",
          "version": "0.1.2"
        }
      },
      {
        "package": "swift-composable-architecture",
        "repositoryURL": "https://github.com/pointfreeco/swift-composable-architecture.git",
        "state": {
          "branch": null,
          "revision": "b67569f69813140cd9c984db33ee959d9711a008",
          "version": "0.9.0"
        }
      },
      {
        "package": "Version",
        "repositoryURL": "https://github.com/mxcl/Version.git",
        "state": {
          "branch": null,
          "revision": "a94b48f36763c05629fc102837398505032dead9",
          "version": "2.0.0"
        }
      }
    ]
  },
  "version": 1
}
